{
  "name": "void-documentation",
  "version": "0.0.1",
  "lockfileVersion": 2,
  "requires": true,
  "packages": {
    "": {
      "name": "void-documentation",
      "version": "0.0.1",
      "license": "MIT",
      "dependencies": {
        "void-jsonc": "^0.0.1"
      }
    },
    "node_modules/void-jsonc": {
      "version": "0.0.1",
      "resolved": "https://registry.npmjs.org/void-jsonc/-/void-jsonc-0.0.1.tgz",
      "integrity": "sha512-xXCbs7tTdpqZTyO5RRUCwkFdtkQctCWbC2y/zwMGVdtrUK2jrunx4jcps8nSs/jDJg8VZ0t/bXieqe48GrrfcQ=="
    }
  },
  "dependencies": {
    "void-jsonc": {
      "version": "0.0.1",
      "resolved": "https://registry.npmjs.org/void-jsonc/-/void-jsonc-0.0.1.tgz",
      "integrity": "sha512-xXCbs7tTdpqZTyO5RRUCwkFdtkQctCWbC2y/zwMGVdtrUK2jrunx4jcps8nSs/jDJg8VZ0t/bXieqe48GrrfcQ=="
    }
  }
}
